
Microsoft Visual Studio Solution File, Format Version 12.00
# Visual Studio Version 17
VisualStudioVersion = 17.0.31912.275
MinimumVisualStudioVersion = 10.0.40219.1
Project("{FAE04EC0-301F-11D3-BF4B-00C04F79EFBC}") = "HPC_Project.Server", "HPC_Project\Server\HPC_Project.Server.csproj", "{3BF33626-D7F6-4A8C-BDE0-B2BBCE306462}"
EndProject
Project("{FAE04EC0-301F-11D3-BF4B-00C04F79EFBC}") = "HPC_Project.Client", "HPC_Project\Client\HPC_Project.Client.csproj", "{8F121CF7-AE17-45C7-A0C7-17628A35FC09}"
EndProject
Project("{FAE04EC0-301F-11D3-BF4B-00C04F79EFBC}") = "HPC_Project.Shared", "HPC_Project\Shared\HPC_Project.Shared.csproj", "{ECA13E02-383B-4B7E-8FDB-139B4EA84E4B}"
EndProject
Global
	GlobalSection(SolutionConfigurationPlatforms) = preSolution
		Debug|Any CPU = Debug|Any CPU
		Release|Any CPU = Release|Any CPU
	EndGlobalSection
	GlobalSection(ProjectConfigurationPlatforms) = postSolution
		{3BF33626-D7F6-4A8C-BDE0-B2BBCE306462}.Debug|Any CPU.ActiveCfg = Debug|Any CPU
		{3BF33626-D7F6-4A8C-BDE0-B2BBCE306462}.Debug|Any CPU.Build.0 = Debug|Any CPU
		{3BF33626-D7F6-4A8C-BDE0-B2BBCE306462}.Release|Any CPU.ActiveCfg = Release|Any CPU
		{3BF33626-D7F6-4A8C-BDE0-B2BBCE306462}.Release|Any CPU.Build.0 = Release|Any CPU
		{8F121CF7-AE17-45C7-A0C7-17628A35FC09}.Debug|Any CPU.ActiveCfg = Debug|Any CPU
		{8F121CF7-AE17-45C7-A0C7-17628A35FC09}.Debug|Any CPU.Build.0 = Debug|Any CPU
		{8F121CF7-AE17-45C7-A0C7-17628A35FC09}.Release|Any CPU.ActiveCfg = Release|Any CPU
		{8F121CF7-AE17-45C7-A0C7-17628A35FC09}.Release|Any CPU.Build.0 = Release|Any CPU
		{ECA13E02-383B-4B7E-8FDB-139B4EA84E4B}.Debug|Any CPU.ActiveCfg = Debug|Any CPU
		{ECA13E02-383B-4B7E-8FDB-139B4EA84E4B}.Debug|Any CPU.Build.0 = Debug|Any CPU
		{ECA13E02-383B-4B7E-8FDB-139B4EA84E4B}.Release|Any CPU.ActiveCfg = Release|Any CPU
		{ECA13E02-383B-4B7E-8FDB-139B4EA84E4B}.Release|Any CPU.Build.0 = Release|Any CPU
	EndGlobalSection
	GlobalSection(SolutionProperties) = preSolution
		HideSolutionNode = FALSE
	EndGlobalSection
	GlobalSection(ExtensibilityGlobals) = postSolution
		SolutionGuid = {CCB081A1-B1FF-4233-A8E7-1C8BB3D239A3}
	EndGlobalSection
EndGlobal
